
Microsoft Visual Studio Solution File, Format Version 12.00
# Visual Studio Version 16
VisualStudioVersion = 16.0.31911.196
MinimumVisualStudioVersion = 10.0.40219.1
Project("{FAE04EC0-301F-11D3-BF4B-00C04F79EFBC}") = "Proiect_Pitaru_Cosmin", "Proiect_Pitaru_Cosmin.csproj", "{AD9C94DC-0F5A-4C64-BA17-C49251014462}"
EndProject
Global
	GlobalSection(SolutionConfigurationPlatforms) = preSolution
		Debug|Any CPU = Debug|Any CPU
		Release|Any CPU = Release|Any CPU
	EndGlobalSection
	GlobalSection(ProjectConfigurationPlatforms) = postSolution
		{AD9C94DC-0F5A-4C64-BA17-C49251014462}.Debug|Any CPU.ActiveCfg = Debug|Any CPU
		{AD9C94DC-0F5A-4C64-BA17-C49251014462}.Debug|Any CPU.Build.0 = Debug|Any CPU
		{AD9C94DC-0F5A-4C64-BA17-C49251014462}.Release|Any CPU.ActiveCfg = Release|Any CPU
		{AD9C94DC-0F5A-4C64-BA17-C49251014462}.Release|Any CPU.Build.0 = Release|Any CPU
	EndGlobalSection
	GlobalSection(SolutionProperties) = preSolution
		HideSolutionNode = FALSE
	EndGlobalSection
	GlobalSection(ExtensibilityGlobals) = postSolution
		SolutionGuid = {7360D8E0-2722-4B7B-8B2B-667B6DB3FF75}
	EndGlobalSection
EndGlobal
